
Microsoft Visual Studio Solution File, Format Version 12.00
# Visual Studio 15
VisualStudioVersion = 15.0.26730.16
MinimumVisualStudioVersion = 10.0.40219.1
Project("{FAE04EC0-301F-11D3-BF4B-00C04F79EFBC}") = "EfCore2Issue", "EfCore2Issue\EfCore2Issue.csproj", "{690F21F1-B2B4-40DD-BBFD-6A117C9A8DB4}"
EndProject
Global
	GlobalSection(SolutionConfigurationPlatforms) = preSolution
		Debug|Any CPU = Debug|Any CPU
		Release|Any CPU = Release|Any CPU
	EndGlobalSection
	GlobalSection(ProjectConfigurationPlatforms) = postSolution
		{690F21F1-B2B4-40DD-BBFD-6A117C9A8DB4}.Debug|Any CPU.ActiveCfg = Debug|Any CPU
		{690F21F1-B2B4-40DD-BBFD-6A117C9A8DB4}.Debug|Any CPU.Build.0 = Debug|Any CPU
		{690F21F1-B2B4-40DD-BBFD-6A117C9A8DB4}.Release|Any CPU.ActiveCfg = Release|Any CPU
		{690F21F1-B2B4-40DD-BBFD-6A117C9A8DB4}.Release|Any CPU.Build.0 = Release|Any CPU
	EndGlobalSection
	GlobalSection(SolutionProperties) = preSolution
		HideSolutionNode = FALSE
	EndGlobalSection
	GlobalSection(ExtensibilityGlobals) = postSolution
		SolutionGuid = {978DEF65-FE0F-4866-B67A-BC4BF2E0A2D3}
	EndGlobalSection
EndGlobal
